
Microsoft Visual Studio Solution File, Format Version 12.00
# Visual Studio 15
Project("{FAE04EC0-301F-11D3-BF4B-00C04F79EFBC}") = "ApiHost", "AzureCognitiveService\ApiHost.csproj", "{05120F46-D814-40A7-9ED4-5404CE219D80}"
EndProject
Project("{FAE04EC0-301F-11D3-BF4B-00C04F79EFBC}") = "TextAnalytics.Sentiment", "TextAnalytics.Sentiment\TextAnalytics.Sentiment.csproj", "{4AF73A13-1FCC-4CD2-AAD5-9890EED119DC}"
EndProject
Project("{FAE04EC0-301F-11D3-BF4B-00C04F79EFBC}") = "Infrastructure", "Infrastructure\Infrastructure.csproj", "{363D1D49-053D-410E-B7D1-2318CD08FE96}"
EndProject
Global
	GlobalSection(SolutionConfigurationPlatforms) = preSolution
		Debug|Any CPU = Debug|Any CPU
		Release|Any CPU = Release|Any CPU
	EndGlobalSection
	GlobalSection(ProjectConfigurationPlatforms) = postSolution
		{05120F46-D814-40A7-9ED4-5404CE219D80}.Debug|Any CPU.ActiveCfg = Debug|Any CPU
		{05120F46-D814-40A7-9ED4-5404CE219D80}.Debug|Any CPU.Build.0 = Debug|Any CPU
		{05120F46-D814-40A7-9ED4-5404CE219D80}.Release|Any CPU.ActiveCfg = Release|Any CPU
		{05120F46-D814-40A7-9ED4-5404CE219D80}.Release|Any CPU.Build.0 = Release|Any CPU
		{4AF73A13-1FCC-4CD2-AAD5-9890EED119DC}.Debug|Any CPU.ActiveCfg = Debug|Any CPU
		{4AF73A13-1FCC-4CD2-AAD5-9890EED119DC}.Debug|Any CPU.Build.0 = Debug|Any CPU
		{4AF73A13-1FCC-4CD2-AAD5-9890EED119DC}.Release|Any CPU.ActiveCfg = Release|Any CPU
		{4AF73A13-1FCC-4CD2-AAD5-9890EED119DC}.Release|Any CPU.Build.0 = Release|Any CPU
		{363D1D49-053D-410E-B7D1-2318CD08FE96}.Debug|Any CPU.ActiveCfg = Debug|Any CPU
		{363D1D49-053D-410E-B7D1-2318CD08FE96}.Debug|Any CPU.Build.0 = Debug|Any CPU
		{363D1D49-053D-410E-B7D1-2318CD08FE96}.Release|Any CPU.ActiveCfg = Release|Any CPU
		{363D1D49-053D-410E-B7D1-2318CD08FE96}.Release|Any CPU.Build.0 = Release|Any CPU
	EndGlobalSection
EndGlobal
